
Microsoft Visual Studio Solution File, Format Version 12.00
# Visual Studio 15
VisualStudioVersion = 15.0.28010.2046
MinimumVisualStudioVersion = 10.0.40219.1
Project("{FAE04EC0-301F-11D3-BF4B-00C04F79EFBC}") = "GameOfLife", "GameOfLife.csproj", "{15BBDE62-A7BD-4B7E-9C1E-220F59D173DE}"
EndProject
Project("{FAE04EC0-301F-11D3-BF4B-00C04F79EFBC}") = "GameOfLife.Tests", "..\GameOfLife.Tests\GameOfLife.Tests.csproj", "{54B676D4-F33C-459F-AC2D-AC9B3D326F10}"
EndProject
Global
	GlobalSection(SolutionConfigurationPlatforms) = preSolution
		Debug|Any CPU = Debug|Any CPU
		Release|Any CPU = Release|Any CPU
	EndGlobalSection
	GlobalSection(ProjectConfigurationPlatforms) = postSolution
		{15BBDE62-A7BD-4B7E-9C1E-220F59D173DE}.Debug|Any CPU.ActiveCfg = Debug|Any CPU
		{15BBDE62-A7BD-4B7E-9C1E-220F59D173DE}.Debug|Any CPU.Build.0 = Debug|Any CPU
		{15BBDE62-A7BD-4B7E-9C1E-220F59D173DE}.Release|Any CPU.ActiveCfg = Release|Any CPU
		{15BBDE62-A7BD-4B7E-9C1E-220F59D173DE}.Release|Any CPU.Build.0 = Release|Any CPU
		{54B676D4-F33C-459F-AC2D-AC9B3D326F10}.Debug|Any CPU.ActiveCfg = Debug|Any CPU
		{54B676D4-F33C-459F-AC2D-AC9B3D326F10}.Debug|Any CPU.Build.0 = Debug|Any CPU
		{54B676D4-F33C-459F-AC2D-AC9B3D326F10}.Release|Any CPU.ActiveCfg = Release|Any CPU
		{54B676D4-F33C-459F-AC2D-AC9B3D326F10}.Release|Any CPU.Build.0 = Release|Any CPU
	EndGlobalSection
	GlobalSection(SolutionProperties) = preSolution
		HideSolutionNode = FALSE
	EndGlobalSection
	GlobalSection(ExtensibilityGlobals) = postSolution
		SolutionGuid = {3AF4D14D-3C80-4FAE-8A1A-5DCEFD1C129E}
	EndGlobalSection
EndGlobal
